
Microsoft Visual Studio Solution File, Format Version 12.00
# Visual Studio Version 16
VisualStudioVersion = 16.0.29424.173
MinimumVisualStudioVersion = 10.0.40219.1
Project("{9A19103F-16F7-4668-BE54-9A1E7A4F7556}") = "Accounts.API", "Accounts.API\Accounts.API.csproj", "{E9734261-F0D3-4EB2-951F-B28AA1454CD4}"
EndProject
Project("{9A19103F-16F7-4668-BE54-9A1E7A4F7556}") = "Accounts.Application", "Accounts.Application\Accounts.Application.csproj", "{0206FAA8-D864-4A62-8925-D3133F8A4F42}"
EndProject
Project("{9A19103F-16F7-4668-BE54-9A1E7A4F7556}") = "Accounts.Domain", "Accounts.Domain\Accounts.Domain.csproj", "{91378E52-98F5-4B11-A0D4-5CB8DA6E60D2}"
EndProject
Project("{9A19103F-16F7-4668-BE54-9A1E7A4F7556}") = "Accounts.Infrastructure", "Accounts.Infrastructure\Accounts.Infrastructure.csproj", "{2BF01351-669D-436A-AD82-70DBF6879F6C}"
EndProject
Project("{9A19103F-16F7-4668-BE54-9A1E7A4F7556}") = "Accounts.Messages", "Accounts.Messages\Accounts.Messages.csproj", "{24B49587-A0B7-4F3E-A967-324A5B9BBA61}"
EndProject
Project("{9A19103F-16F7-4668-BE54-9A1E7A4F7556}") = "UpgFisi.Common", "UpgFisi.Common\UpgFisi.Common.csproj", "{6C1D5FB1-2BCF-485E-A38A-026CB555F47A}"
EndProject
Project("{FAE04EC0-301F-11D3-BF4B-00C04F79EFBC}") = "Accounts.NSBEndpoint", "Accounts.NSBEndpoint\Accounts.NSBEndpoint.csproj", "{47B76A12-1AEB-469B-B233-D2CDC635755E}"
EndProject
Global
	GlobalSection(SolutionConfigurationPlatforms) = preSolution
		Debug|Any CPU = Debug|Any CPU
		Release|Any CPU = Release|Any CPU
	EndGlobalSection
	GlobalSection(ProjectConfigurationPlatforms) = postSolution
		{E9734261-F0D3-4EB2-951F-B28AA1454CD4}.Debug|Any CPU.ActiveCfg = Debug|Any CPU
		{E9734261-F0D3-4EB2-951F-B28AA1454CD4}.Debug|Any CPU.Build.0 = Debug|Any CPU
		{E9734261-F0D3-4EB2-951F-B28AA1454CD4}.Release|Any CPU.ActiveCfg = Release|Any CPU
		{E9734261-F0D3-4EB2-951F-B28AA1454CD4}.Release|Any CPU.Build.0 = Release|Any CPU
		{0206FAA8-D864-4A62-8925-D3133F8A4F42}.Debug|Any CPU.ActiveCfg = Debug|Any CPU
		{0206FAA8-D864-4A62-8925-D3133F8A4F42}.Debug|Any CPU.Build.0 = Debug|Any CPU
		{0206FAA8-D864-4A62-8925-D3133F8A4F42}.Release|Any CPU.ActiveCfg = Release|Any CPU
		{0206FAA8-D864-4A62-8925-D3133F8A4F42}.Release|Any CPU.Build.0 = Release|Any CPU
		{91378E52-98F5-4B11-A0D4-5CB8DA6E60D2}.Debug|Any CPU.ActiveCfg = Debug|Any CPU
		{91378E52-98F5-4B11-A0D4-5CB8DA6E60D2}.Debug|Any CPU.Build.0 = Debug|Any CPU
		{91378E52-98F5-4B11-A0D4-5CB8DA6E60D2}.Release|Any CPU.ActiveCfg = Release|Any CPU
		{91378E52-98F5-4B11-A0D4-5CB8DA6E60D2}.Release|Any CPU.Build.0 = Release|Any CPU
		{2BF01351-669D-436A-AD82-70DBF6879F6C}.Debug|Any CPU.ActiveCfg = Debug|Any CPU
		{2BF01351-669D-436A-AD82-70DBF6879F6C}.Debug|Any CPU.Build.0 = Debug|Any CPU
		{2BF01351-669D-436A-AD82-70DBF6879F6C}.Release|Any CPU.ActiveCfg = Release|Any CPU
		{2BF01351-669D-436A-AD82-70DBF6879F6C}.Release|Any CPU.Build.0 = Release|Any CPU
		{24B49587-A0B7-4F3E-A967-324A5B9BBA61}.Debug|Any CPU.ActiveCfg = Debug|Any CPU
		{24B49587-A0B7-4F3E-A967-324A5B9BBA61}.Debug|Any CPU.Build.0 = Debug|Any CPU
		{24B49587-A0B7-4F3E-A967-324A5B9BBA61}.Release|Any CPU.ActiveCfg = Release|Any CPU
		{24B49587-A0B7-4F3E-A967-324A5B9BBA61}.Release|Any CPU.Build.0 = Release|Any CPU
		{6C1D5FB1-2BCF-485E-A38A-026CB555F47A}.Debug|Any CPU.ActiveCfg = Debug|Any CPU
		{6C1D5FB1-2BCF-485E-A38A-026CB555F47A}.Debug|Any CPU.Build.0 = Debug|Any CPU
		{6C1D5FB1-2BCF-485E-A38A-026CB555F47A}.Release|Any CPU.ActiveCfg = Release|Any CPU
		{6C1D5FB1-2BCF-485E-A38A-026CB555F47A}.Release|Any CPU.Build.0 = Release|Any CPU
		{47B76A12-1AEB-469B-B233-D2CDC635755E}.Debug|Any CPU.ActiveCfg = Debug|Any CPU
		{47B76A12-1AEB-469B-B233-D2CDC635755E}.Debug|Any CPU.Build.0 = Debug|Any CPU
		{47B76A12-1AEB-469B-B233-D2CDC635755E}.Release|Any CPU.ActiveCfg = Release|Any CPU
		{47B76A12-1AEB-469B-B233-D2CDC635755E}.Release|Any CPU.Build.0 = Release|Any CPU
	EndGlobalSection
	GlobalSection(SolutionProperties) = preSolution
		HideSolutionNode = FALSE
	EndGlobalSection
	GlobalSection(ExtensibilityGlobals) = postSolution
		SolutionGuid = {B0D46F65-FC75-4C7A-B80C-0FFD7B31977E}
	EndGlobalSection
EndGlobal
